
Microsoft Visual Studio Solution File, Format Version 12.00
# Visual Studio Version 17
VisualStudioVersion = 17.13.35919.96 d17.13
MinimumVisualStudioVersion = 10.0.40219.1
Project("{FAE04EC0-301F-11D3-BF4B-00C04F79EFBC}") = "CartesianCHart", "CartesianCHart\CartesianCHart.csproj", "{A8723082-A5E9-4338-95A7-A029FA55BC81}"
EndProject
Global
	GlobalSection(SolutionConfigurationPlatforms) = preSolution
		Debug|Any CPU = Debug|Any CPU
		Release|Any CPU = Release|Any CPU
	EndGlobalSection
	GlobalSection(ProjectConfigurationPlatforms) = postSolution
		{A8723082-A5E9-4338-95A7-A029FA55BC81}.Debug|Any CPU.ActiveCfg = Debug|Any CPU
		{A8723082-A5E9-4338-95A7-A029FA55BC81}.Debug|Any CPU.Build.0 = Debug|Any CPU
		{A8723082-A5E9-4338-95A7-A029FA55BC81}.Release|Any CPU.ActiveCfg = Release|Any CPU
		{A8723082-A5E9-4338-95A7-A029FA55BC81}.Release|Any CPU.Build.0 = Release|Any CPU
	EndGlobalSection
	GlobalSection(SolutionProperties) = preSolution
		HideSolutionNode = FALSE
	EndGlobalSection
	GlobalSection(ExtensibilityGlobals) = postSolution
		SolutionGuid = {8D5EBA80-8C7D-4239-9F8B-D7EA6695345A}
	EndGlobalSection
EndGlobal
